// !$*UTF8*$!
{
	archiveVersion = 1;
	classes = {
	};
	objectVersion = 50;
	objects = {

/* Begin PBXBuildFile section */
		05FEAD7B26EF378B0011039A /* AppDelegate.m in Sources */ = {isa = PBXBuildFile; fileRef = 05FEAD7A26EF378B0011039A /* AppDelegate.m */; };
		05FEAD8126EF378B0011039A /* ViewController.m in Sources */ = {isa = PBXBuildFile; fileRef = 05FEAD8026EF378B0011039A /* ViewController.m */; };
		05FEAD8426EF378B0011039A /* Main.storyboard in Resources */ = {isa = PBXBuildFile; fileRef = 05FEAD8226EF378B0011039A /* Main.storyboard */; };
		05FEAD8626EF378C0011039A /* Assets.xcassets in Resources */ = {isa = PBXBuildFile; fileRef = 05FEAD8526EF378C0011039A /* Assets.xcassets */; };
		05FEAD8926EF378C0011039A /* LaunchScreen.storyboard in Resources */ = {isa = PBXBuildFile; fileRef = 05FEAD8726EF378C0011039A /* LaunchScreen.storyboard */; };
		05FEAD8C26EF378C0011039A /* main.m in Sources */ = {isa = PBXBuildFile; fileRef = 05FEAD8B26EF378C0011039A /* main.m */; };
		05FEAD9626EF378C0011039A /* xsjDemoTests.m in Sources */ = {isa = PBXBuildFile; fileRef = 05FEAD9526EF378C0011039A /* xsjDemoTests.m */; };
		05FEADA126EF378C0011039A /* xsjDemoUITests.m in Sources */ = {isa = PBXBuildFile; fileRef = 05FEADA026EF378C0011039A /* xsjDemoUITests.m */; };
		05FEADBF26EF394C0011039A /* HomeViewController.m in Sources */ = {isa = PBXBuildFile; fileRef = 05FEADBE26EF394C0011039A /* HomeViewController.m */; };
		05FEADEF26EF571D0011039A /* 1.webp in Resources */ = {isa = PBXBuildFile; fileRef = 05FEADEE26EF571D0011039A /* 1.webp */; };
		05FEADF526EF57FC0011039A /* TableWebPViewController.m in Sources */ = {isa = PBXBuildFile; fileRef = 05FEADF426EF57FC0011039A /* TableWebPViewController.m */; };
		05FEAE0426F032530011039A /* WebPViewCell.m in Sources */ = {isa = PBXBuildFile; fileRef = 05FEAE0326F032530011039A /* WebPViewCell.m */; };
		05FEAE1126F0460D0011039A /* 2.webp in Resources */ = {isa = PBXBuildFile; fileRef = 05FEAE1026F0460D0011039A /* 2.webp */; };
		D09BD7B020B20590629C088F /* libPods-xsjDemo.a in Frameworks */ = {isa = PBXBuildFile; fileRef = 1A6041CBEA0D39A81A4DA995 /* libPods-xsjDemo.a */; };
/* End PBXBuildFile section */

/* Begin PBXContainerItemProxy section */
		05FEAD9226EF378C0011039A /* PBXContainerItemProxy */ = {
			isa = PBXContainerItemProxy;
			containerPortal = 05FEAD6E26EF378B0011039A /* Project object */;
			proxyType = 1;
			remoteGlobalIDString = 05FEAD7526EF378B0011039A;
			remoteInfo = xsjDemo;
		};
		05FEAD9D26EF378C0011039A /* PBXContainerItemProxy */ = {
			isa = PBXContainerItemProxy;
			containerPortal = 05FEAD6E26EF378B0011039A /* Project object */;
			proxyType = 1;
			remoteGlobalIDString = 05FEAD7526EF378B0011039A;
			remoteInfo = xsjDemo;
		};
/* End PBXContainerItemProxy section */

/* Begin PBXFileReference section */
		05FEAD7626EF378B0011039A /* xsjDemo.app */ = {isa = PBXFileReference; explicitFileType = wrapper.application; includeInIndex = 0; path = xsjDemo.app; sourceTree = BUILT_PRODUCTS_DIR; };
		05FEAD7926EF378B0011039A /* AppDelegate.h */ = {isa = PBXFileReference; lastKnownFileType = sourcecode.c.h; path = AppDelegate.h; sourceTree = "<group>"; };
		05FEAD7A26EF378B0011039A /* AppDelegate.m */ = {isa = PBXFileReference; lastKnownFileType = sourcecode.c.objc; path = AppDelegate.m; sourceTree = "<group>"; };
		05FEAD7F26EF378B0011039A /* ViewController.h */ = {isa = PBXFileReference; lastKnownFileType = sourcecode.c.h; path = ViewController.h; sourceTree = "<group>"; };
		05FEAD8026EF378B0011039A /* ViewController.m */ = {isa = PBXFileReference; lastKnownFileType = sourcecode.c.objc; path = ViewController.m; sourceTree = "<group>"; };
		05FEAD8326EF378B0011039A /* Base */ = {isa = PBXFileReference; lastKnownFileType = file.storyboard; name = Base; path = Base.lproj/Main.storyboard; sourceTree = "<group>"; };
		05FEAD8526EF378C0011039A /* Assets.xcassets */ = {isa = PBXFileReference; lastKnownFileType = folder.assetcatalog; path = Assets.xcassets; sourceTree = "<group>"; };
		05FEAD8826EF378C0011039A /* Base */ = {isa = PBXFileReference; lastKnownFileType = file.storyboard; name = Base; path = Base.lproj/LaunchScreen.storyboard; sourceTree = "<group>"; };
		05FEAD8A26EF378C0011039A /* Info.plist */ = {isa = PBXFileReference; lastKnownFileType = text.plist.xml; path = Info.plist; sourceTree = "<group>"; };
		05FEAD8B26EF378C0011039A /* main.m */ = {isa = PBXFileReference; lastKnownFileType = sourcecode.c.objc; path = main.m; sourceTree = "<group>"; };
		05FEAD9126EF378C0011039A /* xsjDemoTests.xctest */ = {isa = PBXFileReference; explicitFileType = wrapper.cfbundle; includeInIndex = 0; path = xsjDemoTests.xctest; sourceTree = BUILT_PRODUCTS_DIR; };
		05FEAD9526EF378C0011039A /* xsjDemoTests.m */ = {isa = PBXFileReference; lastKnownFileType = sourcecode.c.objc; path = xsjDemoTests.m; sourceTree = "<group>"; };
		05FEAD9726EF378C0011039A /* Info.plist */ = {isa = PBXFileReference; lastKnownFileType = text.plist.xml; path = Info.plist; sourceTree = "<group>"; };
		05FEAD9C26EF378C0011039A /* xsjDemoUITests.xctest */ = {isa = PBXFileReference; explicitFileType = wrapper.cfbundle; includeInIndex = 0; path = xsjDemoUITests.xctest; sourceTree = BUILT_PRODUCTS_DIR; };
		05FEADA026EF378C0011039A /* xsjDemoUITests.m */ = {isa = PBXFileReference; lastKnownFileType = sourcecode.c.objc; path = xsjDemoUITests.m; sourceTree = "<group>"; };
		05FEADA226EF378C0011039A /* Info.plist */ = {isa = PBXFileReference; lastKnownFileType = text.plist.xml; path = Info.plist; sourceTree = "<group>"; };
		05FEADB426EF38220011039A /* HomeViewController.h */ = {isa = PBXFileReference; fileEncoding = 4; lastKnownFileType = sourcecode.c.h; path = HomeViewController.h; sourceTree = "<group>"; };
		05FEADBE26EF394C0011039A /* HomeViewController.m */ = {isa = PBXFileReference; fileEncoding = 4; lastKnownFileType = sourcecode.c.objc; path = HomeViewController.m; sourceTree = "<group>"; };
		05FEADC326EF3A380011039A /* PrefixHeader.pch */ = {isa = PBXFileReference; lastKnownFileType = sourcecode.c.h; path = PrefixHeader.pch; sourceTree = "<group>"; };
		05FEADEE26EF571D0011039A /* 1.webp */ = {isa = PBXFileReference; lastKnownFileType = file; path = 1.webp; sourceTree = "<group>"; };
		05FEADF326EF57FC0011039A /* TableWebPViewController.h */ = {isa = PBXFileReference; lastKnownFileType = sourcecode.c.h; path = TableWebPViewController.h; sourceTree = "<group>"; };
		05FEADF426EF57FC0011039A /* TableWebPViewController.m */ = {isa = PBXFileReference; lastKnownFileType = sourcecode.c.objc; path = TableWebPViewController.m; sourceTree = "<group>"; };
		05FEAE0226F032530011039A /* WebPViewCell.h */ = {isa = PBXFileReference; lastKnownFileType = sourcecode.c.h; path = WebPViewCell.h; sourceTree = "<group>"; };
		05FEAE0326F032530011039A /* WebPViewCell.m */ = {isa = PBXFileReference; lastKnownFileType = sourcecode.c.objc; path = WebPViewCell.m; sourceTree = "<group>"; };
		05FEAE1026F0460D0011039A /* 2.webp */ = {isa = PBXFileReference; lastKnownFileType = file; path = 2.webp; sourceTree = "<group>"; };
		085F895B555B1DD80AEAB5B4 /* Pods-xsjDemo.release.xcconfig */ = {isa = PBXFileReference; includeInIndex = 1; lastKnownFileType = text.xcconfig; name = "Pods-xsjDemo.release.xcconfig"; path = "Target Support Files/Pods-xsjDemo/Pods-xsjDemo.release.xcconfig"; sourceTree = "<group>"; };
		1A6041CBEA0D39A81A4DA995 /* libPods-xsjDemo.a */ = {isa = PBXFileReference; explicitFileType = archive.ar; includeInIndex = 0; path = "libPods-xsjDemo.a"; sourceTree = BUILT_PRODUCTS_DIR; };
		7F1839268A5BFA80BB758979 /* Pods-xsjDemo.debug.xcconfig */ = {isa = PBXFileReference; includeInIndex = 1; lastKnownFileType = text.xcconfig; name = "Pods-xsjDemo.debug.xcconfig"; path = "Target Support Files/Pods-xsjDemo/Pods-xsjDemo.debug.xcconfig"; sourceTree = "<group>"; };
/* End PBXFileReference section */

/* Begin PBXFrameworksBuildPhase section */
		05FEAD7326EF378B0011039A /* Frameworks */ = {
			isa = PBXFrameworksBuildPhase;
			buildActionMask = 2147483647;
			files = (
				D09BD7B020B20590629C088F /* libPods-xsjDemo.a in Frameworks */,
			);
			runOnlyForDeploymentPostprocessing = 0;
		};
		05FEAD8E26EF378C0011039A /* Frameworks */ = {
			isa = PBXFrameworksBuildPhase;
			buildActionMask = 2147483647;
			files = (
			);
			runOnlyForDeploymentPostprocessing = 0;
		};
		05FEAD9926EF378C0011039A /* Frameworks */ = {
			isa = PBXFrameworksBuildPhase;
			buildActionMask = 2147483647;
			files = (
			);
			runOnlyForDeploymentPostprocessing = 0;
		};
/* End PBXFrameworksBuildPhase section */

/* Begin PBXGroup section */
		05FEAD6D26EF378B0011039A = {
			isa = PBXGroup;
			children = (
				05FEAD7826EF378B0011039A /* xsjDemo */,
				05FEAD9426EF378C0011039A /* xsjDemoTests */,
				05FEAD9F26EF378C0011039A /* xsjDemoUITests */,
				05FEAD7726EF378B0011039A /* Products */,
				6D4C04870119990D7548EE06 /* Pods */,
				A8EA9F43EA1BFE14A03B4AEB /* Frameworks */,
			);
			sourceTree = "<group>";
		};
		05FEAD7726EF378B0011039A /* Products */ = {
			isa = PBXGroup;
			children = (
				05FEAD7626EF378B0011039A /* xsjDemo.app */,
				05FEAD9126EF378C0011039A /* xsjDemoTests.xctest */,
				05FEAD9C26EF378C0011039A /* xsjDemoUITests.xctest */,
			);
			name = Products;
			sourceTree = "<group>";
		};
		05FEAD7826EF378B0011039A /* xsjDemo */ = {
			isa = PBXGroup;
			children = (
				05FEADE826EF45FB0011039A /* Business */,
				05FEADB426EF38220011039A /* HomeViewController.h */,
				05FEADBE26EF394C0011039A /* HomeViewController.m */,
				05FEAD7926EF378B0011039A /* AppDelegate.h */,
				05FEAD7A26EF378B0011039A /* AppDelegate.m */,
				05FEAD7F26EF378B0011039A /* ViewController.h */,
				05FEAD8026EF378B0011039A /* ViewController.m */,
				05FEAD8226EF378B0011039A /* Main.storyboard */,
				05FEAD8526EF378C0011039A /* Assets.xcassets */,
				05FEAD8726EF378C0011039A /* LaunchScreen.storyboard */,
				05FEAD8A26EF378C0011039A /* Info.plist */,
				05FEAD8B26EF378C0011039A /* main.m */,
				05FEADC326EF3A380011039A /* PrefixHeader.pch */,
			);
			path = xsjDemo;
			sourceTree = "<group>";
		};
		05FEAD9426EF378C0011039A /* xsjDemoTests */ = {
			isa = PBXGroup;
			children = (
				05FEAD9526EF378C0011039A /* xsjDemoTests.m */,
				05FEAD9726EF378C0011039A /* Info.plist */,
			);
			path = xsjDemoTests;
			sourceTree = "<group>";
		};
		05FEAD9F26EF378C0011039A /* xsjDemoUITests */ = {
			isa = PBXGroup;
			children = (
				05FEADA026EF378C0011039A /* xsjDemoUITests.m */,
				05FEADA226EF378C0011039A /* Info.plist */,
			);
			path = xsjDemoUITests;
			sourceTree = "<group>";
		};
		05FEADE826EF45FB0011039A /* Business */ = {
			isa = PBXGroup;
			children = (
				05FEADEC26EF47AF0011039A /* WebP */,
			);
			path = Business;
			sourceTree = "<group>";
		};
		05FEADEC26EF47AF0011039A /* WebP */ = {
			isa = PBXGroup;
			children = (
				05FEADED26EF55AE0011039A /* Resources */,
				05FEADF326EF57FC0011039A /* TableWebPViewController.h */,
				05FEADF426EF57FC0011039A /* TableWebPViewController.m */,
				05FEAE0226F032530011039A /* WebPViewCell.h */,
				05FEAE0326F032530011039A /* WebPViewCell.m */,
			);
			path = WebP;
			sourceTree = "<group>";
		};
		05FEADED26EF55AE0011039A /* Resources */ = {
			isa = PBXGroup;
			children = (
				05FEAE1026F0460D0011039A /* 2.webp */,
				05FEADEE26EF571D0011039A /* 1.webp */,
			);
			path = Resources;
			sourceTree = "<group>";
		};
		6D4C04870119990D7548EE06 /* Pods */ = {
			isa = PBXGroup;
			children = (
				7F1839268A5BFA80BB758979 /* Pods-xsjDemo.debug.xcconfig */,
				085F895B555B1DD80AEAB5B4 /* Pods-xsjDemo.release.xcconfig */,
			);
			path = Pods;
			sourceTree = "<group>";
		};
		A8EA9F43EA1BFE14A03B4AEB /* Frameworks */ = {
			isa = PBXGroup;
			children = (
				1A6041CBEA0D39A81A4DA995 /* libPods-xsjDemo.a */,
			);
			name = Frameworks;
			sourceTree = "<group>";
		};
/* End PBXGroup section */

/* Begin PBXNativeTarget section */
		05FEAD7526EF378B0011039A /* xsjDemo */ = {
			isa = PBXNativeTarget;
			buildConfigurationList = 05FEADA526EF378C0011039A /* Build configuration list for PBXNativeTarget "xsjDemo" */;
			buildPhases = (
				FF070BC14690FED9ABAD6625 /* [CP] Check Pods Manifest.lock */,
				05FEAD7226EF378B0011039A /* Sources */,
				05FEAD7326EF378B0011039A /* Frameworks */,
				05FEAD7426EF378B0011039A /* Resources */,
			);
			buildRules = (
			);
			dependencies = (
			);
			name = xsjDemo;
			productName = xsjDemo;
			productReference = 05FEAD7626EF378B0011039A /* xsjDemo.app */;
			productType = "com.apple.product-type.application";
		};
		05FEAD9026EF378C0011039A /* xsjDemoTests */ = {
			isa = PBXNativeTarget;
			buildConfigurationList = 05FEADA826EF378C0011039A /* Build configuration list for PBXNativeTarget "xsjDemoTests" */;
			buildPhases = (
				05FEAD8D26EF378C0011039A /* Sources */,
				05FEAD8E26EF378C0011039A /* Frameworks */,
				05FEAD8F26EF378C0011039A /* Resources */,
			);
			buildRules = (
			);
			dependencies = (
				05FEAD9326EF378C0011039A /* PBXTargetDependency */,
			);
			name = xsjDemoTests;
			productName = xsjDemoTests;
			productReference = 05FEAD9126EF378C0011039A /* xsjDemoTests.xctest */;
			productType = "com.apple.product-type.bundle.unit-test";
		};
		05FEAD9B26EF378C0011039A /* xsjDemoUITests */ = {
			isa = PBXNativeTarget;
			buildConfigurationList = 05FEADAB26EF378C0011039A /* Build configuration list for PBXNativeTarget "xsjDemoUITests" */;
			buildPhases = (
				05FEAD9826EF378C0011039A /* Sources */,
				05FEAD9926EF378C0011039A /* Frameworks */,
				05FEAD9A26EF378C0011039A /* Resources */,
			);
			buildRules = (
			);
			dependencies = (
				05FEAD9E26EF378C0011039A /* PBXTargetDependency */,
			);
			name = xsjDemoUITests;
			productName = xsjDemoUITests;
			productReference = 05FEAD9C26EF378C0011039A /* xsjDemoUITests.xctest */;
			productType = "com.apple.product-type.bundle.ui-testing";
		};
/* End PBXNativeTarget section */

/* Begin PBXProject section */
		05FEAD6E26EF378B0011039A /* Project object */ = {
			isa = PBXProject;
			attributes = {
				LastUpgradeCheck = 1220;
				TargetAttributes = {
					05FEAD7526EF378B0011039A = {
						CreatedOnToolsVersion = 12.2;
					};
					05FEAD9026EF378C0011039A = {
						CreatedOnToolsVersion = 12.2;
						TestTargetID = 05FEAD7526EF378B0011039A;
					};
					05FEAD9B26EF378C0011039A = {
						CreatedOnToolsVersion = 12.2;
						TestTargetID = 05FEAD7526EF378B0011039A;
					};
				};
			};
			buildConfigurationList = 05FEAD7126EF378B0011039A /* Build configuration list for PBXProject "xsjDemo" */;
			compatibilityVersion = "Xcode 9.3";
			developmentRegion = en;
			hasScannedForEncodings = 0;
			knownRegions = (
				en,
				Base,
			);
			mainGroup = 05FEAD6D26EF378B0011039A;
			productRefGroup = 05FEAD7726EF378B0011039A /* Products */;
			projectDirPath = "";
			projectRoot = "";
			targets = (
				05FEAD7526EF378B0011039A /* xsjDemo */,
				05FEAD9026EF378C0011039A /* xsjDemoTests */,
				05FEAD9B26EF378C0011039A /* xsjDemoUITests */,
			);
		};
/* End PBXProject section */

/* Begin PBXResourcesBuildPhase section */
		05FEAD7426EF378B0011039A /* Resources */ = {
			isa = PBXResourcesBuildPhase;
			buildActionMask = 2147483647;
			files = (
				05FEAE1126F0460D0011039A /* 2.webp in Resources */,
				05FEAD8926EF378C0011039A /* LaunchScreen.storyboard in Resources */,
				05FEAD8626EF378C0011039A /* Assets.xcassets in Resources */,
				05FEAD8426EF378B0011039A /* Main.storyboard in Resources */,
				05FEADEF26EF571D0011039A /* 1.webp in Resources */,
			);
			runOnlyForDeploymentPostprocessing = 0;
		};
		05FEAD8F26EF378C0011039A /* Resources */ = {
			isa = PBXResourcesBuildPhase;
			buildActionMask = 2147483647;
			files = (
			);
			runOnlyForDeploymentPostprocessing = 0;
		};
		05FEAD9A26EF378C0011039A /* Resources */ = {
			isa = PBXResourcesBuildPhase;
			buildActionMask = 2147483647;
			files = (
			);
			runOnlyForDeploymentPostprocessing = 0;
		};
/* End PBXResourcesBuildPhase section */

/* Begin PBXShellScriptBuildPhase section */
		FF070BC14690FED9ABAD6625 /* [CP] Check Pods Manifest.lock */ = {
			isa = PBXShellScriptBuildPhase;
			buildActionMask = 2147483647;
			files = (
			);
			inputFileListPaths = (
			);
			inputPaths = (
				"${PODS_PODFILE_DIR_PATH}/Podfile.lock",
				"${PODS_ROOT}/Manifest.lock",
			);
			name = "[CP] Check Pods Manifest.lock";
			outputFileListPaths = (
			);
			outputPaths = (
				"$(DERIVED_FILE_DIR)/Pods-xsjDemo-checkManifestLockResult.txt",
			);
			runOnlyForDeploymentPostprocessing = 0;
			shellPath = /bin/sh;
			shellScript = "diff \"${PODS_PODFILE_DIR_PATH}/Podfile.lock\" \"${PODS_ROOT}/Manifest.lock\" > /dev/null\nif [ $? != 0 ] ; then\n    # print error to STDERR\n    echo \"error: The sandbox is not in sync with the Podfile.lock. Run 'pod install' or update your CocoaPods installation.\" >&2\n    exit 1\nfi\n# This output is used by Xcode 'outputs' to avoid re-running this script phase.\necho \"SUCCESS\" > \"${SCRIPT_OUTPUT_FILE_0}\"\n";
			showEnvVarsInLog = 0;
		};
/* End PBXShellScriptBuildPhase section */

/* Begin PBXSourcesBuildPhase section */
		05FEAD7226EF378B0011039A /* Sources */ = {
			isa = PBXSourcesBuildPhase;
			buildActionMask = 2147483647;
			files = (
				05FEAE0426F032530011039A /* WebPViewCell.m in Sources */,
				05FEAD8126EF378B0011039A /* ViewController.m in Sources */,
				05FEAD7B26EF378B0011039A /* AppDelegate.m in Sources */,
				05FEADF526EF57FC0011039A /* TableWebPViewController.m in Sources */,
				05FEAD8C26EF378C0011039A /* main.m in Sources */,
				05FEADBF26EF394C0011039A /* HomeViewController.m in Sources */,
			);
			runOnlyForDeploymentPostprocessing = 0;
		};
		05FEAD8D26EF378C0011039A /* Sources */ = {
			isa = PBXSourcesBuildPhase;
			buildActionMask = 2147483647;
			files = (
				05FEAD9626EF378C0011039A /* xsjDemoTests.m in Sources */,
			);
			runOnlyForDeploymentPostprocessing = 0;
		};
		05FEAD9826EF378C0011039A /* Sources */ = {
			isa = PBXSourcesBuildPhase;
			buildActionMask = 2147483647;
			files = (
				05FEADA126EF378C0011039A /* xsjDemoUITests.m in Sources */,
			);
			runOnlyForDeploymentPostprocessing = 0;
		};
/* End PBXSourcesBuildPhase section */

/* Begin PBXTargetDependency section */
		05FEAD9326EF378C0011039A /* PBXTargetDependency */ = {
			isa = PBXTargetDependency;
			target = 05FEAD7526EF378B0011039A /* xsjDemo */;
			targetProxy = 05FEAD9226EF378C0011039A /* PBXContainerItemProxy */;
		};
		05FEAD9E26EF378C0011039A /* PBXTargetDependency */ = {
			isa = PBXTargetDependency;
			target = 05FEAD7526EF378B0011039A /* xsjDemo */;
			targetProxy = 05FEAD9D26EF378C0011039A /* PBXContainerItemProxy */;
		};
/* End PBXTargetDependency section */

/* Begin PBXVariantGroup section */
		05FEAD8226EF378B0011039A /* Main.storyboard */ = {
			isa = PBXVariantGroup;
			children = (
				05FEAD8326EF378B0011039A /* Base */,
			);
			name = Main.storyboard;
			sourceTree = "<group>";
		};
		05FEAD8726EF378C0011039A /* LaunchScreen.storyboard */ = {
			isa = PBXVariantGroup;
			children = (
				05FEAD8826EF378C0011039A /* Base */,
			);
			name = LaunchScreen.storyboard;
			sourceTree = "<group>";
		};
/* End PBXVariantGroup section */

/* Begin XCBuildConfiguration section */
		05FEADA326EF378C0011039A /* Debug */ = {
			isa = XCBuildConfiguration;
			buildSettings = {
				ALWAYS_SEARCH_USER_PATHS = NO;
				CLANG_ANALYZER_NONNULL = YES;
				CLANG_ANALYZER_NUMBER_OBJECT_CONVERSION = YES_AGGRESSIVE;
				CLANG_CXX_LANGUAGE_STANDARD = "gnu++14";
				CLANG_CXX_LIBRARY = "libc++";
				CLANG_ENABLE_MODULES = YES;
				CLANG_ENABLE_OBJC_ARC = YES;
				CLANG_ENABLE_OBJC_WEAK = YES;
				CLANG_WARN_BLOCK_CAPTURE_AUTORELEASING = YES;
				CLANG_WARN_BOOL_CONVERSION = YES;
				CLANG_WARN_COMMA = YES;
				CLANG_WARN_CONSTANT_CONVERSION = YES;
				CLANG_WARN_DEPRECATED_OBJC_IMPLEMENTATIONS = YES;
				CLANG_WARN_DIRECT_OBJC_ISA_USAGE = YES_ERROR;
				CLANG_WARN_DOCUMENTATION_COMMENTS = YES;
				CLANG_WARN_EMPTY_BODY = YES;
				CLANG_WARN_ENUM_CONVERSION = YES;
				CLANG_WARN_INFINITE_RECURSION = YES;
				CLANG_WARN_INT_CONVERSION = YES;
				CLANG_WARN_NON_LITERAL_NULL_CONVERSION = YES;
				CLANG_WARN_OBJC_IMPLICIT_RETAIN_SELF = YES;
				CLANG_WARN_OBJC_LITERAL_CONVERSION = YES;
				CLANG_WARN_OBJC_ROOT_CLASS = YES_ERROR;
				CLANG_WARN_QUOTED_INCLUDE_IN_FRAMEWORK_HEADER = YES;
				CLANG_WARN_RANGE_LOOP_ANALYSIS = YES;
				CLANG_WARN_STRICT_PROTOTYPES = YES;
				CLANG_WARN_SUSPICIOUS_MOVE = YES;
				CLANG_WARN_UNGUARDED_AVAILABILITY = YES_AGGRESSIVE;
				CLANG_WARN_UNREACHABLE_CODE = YES;
				CLANG_WARN__DUPLICATE_METHOD_MATCH = YES;
				COPY_PHASE_STRIP = NO;
				DEBUG_INFORMATION_FORMAT = dwarf;
				ENABLE_STRICT_OBJC_MSGSEND = YES;
				ENABLE_TESTABILITY = YES;
				GCC_C_LANGUAGE_STANDARD = gnu11;
				GCC_DYNAMIC_NO_PIC = NO;
				GCC_NO_COMMON_BLOCKS = YES;
				GCC_OPTIMIZATION_LEVEL = 0;
				GCC_PREPROCESSOR_DEFINITIONS = (
					"DEBUG=1",
					"$(inherited)",
				);
				GCC_WARN_64_TO_32_BIT_CONVERSION = YES;
				GCC_WARN_ABOUT_RETURN_TYPE = YES_ERROR;
				GCC_WARN_UNDECLARED_SELECTOR = YES;
				GCC_WARN_UNINITIALIZED_AUTOS = YES_AGGRESSIVE;
				GCC_WARN_UNUSED_FUNCTION = YES;
				GCC_WARN_UNUSED_VARIABLE = YES;
				IPHONEOS_DEPLOYMENT_TARGET = 14.2;
				MTL_ENABLE_DEBUG_INFO = INCLUDE_SOURCE;
				MTL_FAST_MATH = YES;
				ONLY_ACTIVE_ARCH = YES;
				SDKROOT = iphoneos;
			};
			name = Debug;
		};
		05FEADA426EF378C0011039A /* Release */ = {
			isa = XCBuildConfiguration;
			buildSettings = {
				ALWAYS_SEARCH_USER_PATHS = NO;
				CLANG_ANALYZER_NONNULL = YES;
				CLANG_ANALYZER_NUMBER_OBJECT_CONVERSION = YES_AGGRESSIVE;
				CLANG_CXX_LANGUAGE_STANDARD = "gnu++14";
				CLANG_CXX_LIBRARY = "libc++";
				CLANG_ENABLE_MODULES = YES;
				CLANG_ENABLE_OBJC_ARC = YES;
				CLANG_ENABLE_OBJC_WEAK = YES;
				CLANG_WARN_BLOCK_CAPTURE_AUTORELEASING = YES;
				CLANG_WARN_BOOL_CONVERSION = YES;
				CLANG_WARN_COMMA = YES;
				CLANG_WARN_CONSTANT_CONVERSION = YES;
				CLANG_WARN_DEPRECATED_OBJC_IMPLEMENTATIONS = YES;
				CLANG_WARN_DIRECT_OBJC_ISA_USAGE = YES_ERROR;
				CLANG_WARN_DOCUMENTATION_COMMENTS = YES;
				CLANG_WARN_EMPTY_BODY = YES;
				CLANG_WARN_ENUM_CONVERSION = YES;
				CLANG_WARN_INFINITE_RECURSION = YES;
				CLANG_WARN_INT_CONVERSION = YES;
				CLANG_WARN_NON_LITERAL_NULL_CONVERSION = YES;
				CLANG_WARN_OBJC_IMPLICIT_RETAIN_SELF = YES;
				CLANG_WARN_OBJC_LITERAL_CONVERSION = YES;
				CLANG_WARN_OBJC_ROOT_CLASS = YES_ERROR;
				CLANG_WARN_QUOTED_INCLUDE_IN_FRAMEWORK_HEADER = YES;
				CLANG_WARN_RANGE_LOOP_ANALYSIS = YES;
				CLANG_WARN_STRICT_PROTOTYPES = YES;
				CLANG_WARN_SUSPICIOUS_MOVE = YES;
				CLANG_WARN_UNGUARDED_AVAILABILITY = YES_AGGRESSIVE;
				CLANG_WARN_UNREACHABLE_CODE = YES;
				CLANG_WARN__DUPLICATE_METHOD_MATCH = YES;
				COPY_PHASE_STRIP = NO;
				DEBUG_INFORMATION_FORMAT = "dwarf-with-dsym";
				ENABLE_NS_ASSERTIONS = NO;
				ENABLE_STRICT_OBJC_MSGSEND = YES;
				GCC_C_LANGUAGE_STANDARD = gnu11;
				GCC_NO_COMMON_BLOCKS = YES;
				GCC_WARN_64_TO_32_BIT_CONVERSION = YES;
				GCC_WARN_ABOUT_RETURN_TYPE = YES_ERROR;
				GCC_WARN_UNDECLARED_SELECTOR = YES;
				GCC_WARN_UNINITIALIZED_AUTOS = YES_AGGRESSIVE;
				GCC_WARN_UNUSED_FUNCTION = YES;
				GCC_WARN_UNUSED_VARIABLE = YES;
				IPHONEOS_DEPLOYMENT_TARGET = 14.2;
				MTL_ENABLE_DEBUG_INFO = NO;
				MTL_FAST_MATH = YES;
				SDKROOT = iphoneos;
				VALIDATE_PRODUCT = YES;
			};
			name = Release;
		};
		05FEADA626EF378C0011039A /* Debug */ = {
			isa = XCBuildConfiguration;
			baseConfigurationReference = 7F1839268A5BFA80BB758979 /* Pods-xsjDemo.debug.xcconfig */;
			buildSettings = {
				ASSETCATALOG_COMPILER_APPICON_NAME = AppIcon;
				ASSETCATALOG_COMPILER_GLOBAL_ACCENT_COLOR_NAME = AccentColor;
				CODE_SIGN_STYLE = Automatic;
				DEVELOPMENT_TEAM = 5C9HYK4ZZ7;
				GCC_PRECOMPILE_PREFIX_HEADER = YES;
				GCC_PREFIX_HEADER = /Users/xuchengjie/Desktop/xsjDemo/xsjDemo/PrefixHeader.pch;
				INFOPLIST_FILE = xsjDemo/Info.plist;
				IPHONEOS_DEPLOYMENT_TARGET = 9.0;
				LD_RUNPATH_SEARCH_PATHS = (
					"$(inherited)",
					"@executable_path/Frameworks",
				);
				PRODUCT_BUNDLE_IDENTIFIER = com.xsj.xsjDemo;
				PRODUCT_NAME = "$(TARGET_NAME)";
				TARGETED_DEVICE_FAMILY = "1,2";
			};
			name = Debug;
		};
		05FEADA726EF378C0011039A /* Release */ = {
			isa = XCBuildConfiguration;
			baseConfigurationReference = 085F895B555B1DD80AEAB5B4 /* Pods-xsjDemo.release.xcconfig */;
			buildSettings = {
				ASSETCATALOG_COMPILER_APPICON_NAME = AppIcon;
				ASSETCATALOG_COMPILER_GLOBAL_ACCENT_COLOR_NAME = AccentColor;
				CODE_SIGN_STYLE = Automatic;
				DEVELOPMENT_TEAM = 5C9HYK4ZZ7;
				GCC_PRECOMPILE_PREFIX_HEADER = YES;
				GCC_PREFIX_HEADER = /Users/xuchengjie/Desktop/xsjDemo/xsjDemo/PrefixHeader.pch;
				INFOPLIST_FILE = xsjDemo/Info.plist;
				IPHONEOS_DEPLOYMENT_TARGET = 9.0;
				LD_RUNPATH_SEARCH_PATHS = (
					"$(inherited)",
					"@executable_path/Frameworks",
				);
				PRODUCT_BUNDLE_IDENTIFIER = com.xsj.xsjDemo;
				PRODUCT_NAME = "$(TARGET_NAME)";
				TARGETED_DEVICE_FAMILY = "1,2";
			};
			name = Release;
		};
		05FEADA926EF378C0011039A /* Debug */ = {
			isa = XCBuildConfiguration;
			buildSettings = {
				BUNDLE_LOADER = "$(TEST_HOST)";
				CODE_SIGN_STYLE = Automatic;
				INFOPLIST_FILE = xsjDemoTests/Info.plist;
				IPHONEOS_DEPLOYMENT_TARGET = 14.2;
				LD_RUNPATH_SEARCH_PATHS = (
					"$(inherited)",
					"@executable_path/Frameworks",
					"@loader_path/Frameworks",
				);
				PRODUCT_BUNDLE_IDENTIFIER = com.xsj.xsjDemoTests;
				PRODUCT_NAME = "$(TARGET_NAME)";
				TARGETED_DEVICE_FAMILY = "1,2";
				TEST_HOST = "$(BUILT_PRODUCTS_DIR)/xsjDemo.app/xsjDemo";
			};
			name = Debug;
		};
		05FEADAA26EF378C0011039A /* Release */ = {
			isa = XCBuildConfiguration;
			buildSettings = {
				BUNDLE_LOADER = "$(TEST_HOST)";
				CODE_SIGN_STYLE = Automatic;
				INFOPLIST_FILE = xsjDemoTests/Info.plist;
				IPHONEOS_DEPLOYMENT_TARGET = 14.2;
				LD_RUNPATH_SEARCH_PATHS = (
					"$(inherited)",
					"@executable_path/Frameworks",
					"@loader_path/Frameworks",
				);
				PRODUCT_BUNDLE_IDENTIFIER = com.xsj.xsjDemoTests;
				PRODUCT_NAME = "$(TARGET_NAME)";
				TARGETED_DEVICE_FAMILY = "1,2";
				TEST_HOST = "$(BUILT_PRODUCTS_DIR)/xsjDemo.app/xsjDemo";
			};
			name = Release;
		};
		05FEADAC26EF378C0011039A /* Debug */ = {
			isa = XCBuildConfiguration;
			buildSettings = {
				CODE_SIGN_STYLE = Automatic;
				INFOPLIST_FILE = xsjDemoUITests/Info.plist;
				LD_RUNPATH_SEARCH_PATHS = (
					"$(inherited)",
					"@executable_path/Frameworks",
					"@loader_path/Frameworks",
				);
				PRODUCT_BUNDLE_IDENTIFIER = com.xsj.xsjDemoUITests;
				PRODUCT_NAME = "$(TARGET_NAME)";
				TARGETED_DEVICE_FAMILY = "1,2";
				TEST_TARGET_NAME = xsjDemo;
			};
			name = Debug;
		};
		05FEADAD26EF378C0011039A /* Release */ = {
			isa = XCBuildConfiguration;
			buildSettings = {
				CODE_SIGN_STYLE = Automatic;
				INFOPLIST_FILE = xsjDemoUITests/Info.plist;
				LD_RUNPATH_SEARCH_PATHS = (
					"$(inherited)",
					"@executable_path/Frameworks",
					"@loader_path/Frameworks",
				);
				PRODUCT_BUNDLE_IDENTIFIER = com.xsj.xsjDemoUITests;
				PRODUCT_NAME = "$(TARGET_NAME)";
				TARGETED_DEVICE_FAMILY = "1,2";
				TEST_TARGET_NAME = xsjDemo;
			};
			name = Release;
		};
/* End XCBuildConfiguration section */

/* Begin XCConfigurationList section */
		05FEAD7126EF378B0011039A /* Build configuration list for PBXProject "xsjDemo" */ = {
			isa = XCConfigurationList;
			buildConfigurations = (
				05FEADA326EF378C0011039A /* Debug */,
				05FEADA426EF378C0011039A /* Release */,
			);
			defaultConfigurationIsVisible = 0;
			defaultConfigurationName = Release;
		};
		05FEADA526EF378C0011039A /* Build configuration list for PBXNativeTarget "xsjDemo" */ = {
			isa = XCConfigurationList;
			buildConfigurations = (
				05FEADA626EF378C0011039A /* Debug */,
				05FEADA726EF378C0011039A /* Release */,
			);
			defaultConfigurationIsVisible = 0;
			defaultConfigurationName = Release;
		};
		05FEADA826EF378C0011039A /* Build configuration list for PBXNativeTarget "xsjDemoTests" */ = {
			isa = XCConfigurationList;
			buildConfigurations = (
				05FEADA926EF378C0011039A /* Debug */,
				05FEADAA26EF378C0011039A /* Release */,
			);
			defaultConfigurationIsVisible = 0;
			defaultConfigurationName = Release;
		};
		05FEADAB26EF378C0011039A /* Build configuration list for PBXNativeTarget "xsjDemoUITests" */ = {
			isa = XCConfigurationList;
			buildConfigurations = (
				05FEADAC26EF378C0011039A /* Debug */,
				05FEADAD26EF378C0011039A /* Release */,
			);
			defaultConfigurationIsVisible = 0;
			defaultConfigurationName = Release;
		};
/* End XCConfigurationList section */
	};
	rootObject = 05FEAD6E26EF378B0011039A /* Project object */;
}
